<?xml version="1.0" encoding="utf-8"?>
<Project ToolsVersion="4.0" xmlns="http://schemas.microsoft.com/developer/msbuild/2003">
  <ItemGroup>
    <ClInclude Include="framework.h" />
    <ClInclude Include="SimpleMath.h" />
  </ItemGroup>
  <ItemGroup>
    <ClCompile Include="WinMain.cpp" />
  </ItemGroup>
  <ItemGroup>
    <None Include="SimpleMath.inl" />
  </ItemGroup>
  <ItemGroup>
    <Filter Include="GameObject">
      <UniqueIdentifier>{112ec4e8-8afa-410e-8427-ac940f6a2a46}</UniqueIdentifier>
    </Filter>
    <Filter Include="System">
      <UniqueIdentifier>{54d9bf7a-f70c-41b2-af95-dadeb12b3977}</UniqueIdentifier>
    </Filter>
  </ItemGroup>
</Project>