
Microsoft Visual Studio Solution File, Format Version 12.00
# Visual Studio Version 16
VisualStudioVersion = 16.0.32002.261
MinimumVisualStudioVersion = 10.0.40219.1
Project("{8BC9CEB8-8B4A-11D0-8D11-00A0C91BC942}") = "2DFrameWork", "2DFrameWork\2DFrameWork.vcxproj", "{C2138BC9-A195-455F-91A6-5FF469EB5E61}"
EndProject
Project("{8BC9CEB8-8B4A-11D0-8D11-00A0C91BC942}") = "Game1", "Game1\Game1.vcxproj", "{62755BC4-7433-469B-8413-314F6EC62971}"
	ProjectSection(ProjectDependencies) = postProject
		{C2138BC9-A195-455F-91A6-5FF469EB5E61} = {C2138BC9-A195-455F-91A6-5FF469EB5E61}
	EndProjectSection
EndProject
Project("{8BC9CEB8-8B4A-11D0-8D11-00A0C91BC942}") = "Game2", "Game2\Game2.vcxproj", "{E4AABC26-46D5-436A-BE00-FF12933156D1}"
	ProjectSection(ProjectDependencies) = postProject
		{C2138BC9-A195-455F-91A6-5FF469EB5E61} = {C2138BC9-A195-455F-91A6-5FF469EB5E61}
	EndProjectSection
EndProject
Project("{2150E333-8FDC-42A3-9474-1A3956D46DE8}") = "Txt", "Txt", "{5C50A1A2-DAEB-4AA7-A93E-D9F138E0BC73}"
	ProjectSection(SolutionItems) = preProject
		Txt\그래픽스.txt = Txt\그래픽스.txt
		Txt\벡터.txt = Txt\벡터.txt
		Txt\행렬.txt = Txt\행렬.txt
	EndProjectSection
EndProject
Project("{2150E333-8FDC-42A3-9474-1A3956D46DE8}") = "Shaders", "Shaders", "{D881706F-2917-4F53-966D-A8261B151841}"
	ProjectSection(SolutionItems) = preProject
		Shaders\0.Exam.hlsl = Shaders\0.Exam.hlsl
		Shaders\1.Cube.hlsl = Shaders\1.Cube.hlsl
		Shaders\Common.hlsl = Shaders\Common.hlsl
	EndProjectSection
EndProject
Project("{2150E333-8FDC-42A3-9474-1A3956D46DE8}") = "Mesh", "Mesh", "{852E6C92-D85E-4DAF-BE16-FE5264C1BC50}"
	ProjectSection(SolutionItems) = preProject
		Contents\Mesh\0.Rect.mesh = Contents\Mesh\0.Rect.mesh
		Contents\Mesh\0.Rect2.mesh = Contents\Mesh\0.Rect2.mesh
		Contents\Mesh\1.BoxCollider.mesh = Contents\Mesh\1.BoxCollider.mesh
		Contents\Mesh\1.Circle.mesh = Contents\Mesh\1.Circle.mesh
		Contents\Mesh\1.Cube.mesh = Contents\Mesh\1.Cube.mesh
		Contents\Mesh\1.Cube1.mesh = Contents\Mesh\1.Cube1.mesh
		Contents\Mesh\1.Cube2.mesh = Contents\Mesh\1.Cube2.mesh
		Contents\Mesh\1.Cube3.mesh = Contents\Mesh\1.Cube3.mesh
		Contents\Mesh\1.Grid.mesh = Contents\Mesh\1.Grid.mesh
		Contents\Mesh\1.Line.mesh = Contents\Mesh\1.Line.mesh
		Contents\Mesh\1.Point.mesh = Contents\Mesh\1.Point.mesh
		Contents\Mesh\1.Sphere.mesh = Contents\Mesh\1.Sphere.mesh
		Contents\Mesh\1.Sphere2.mesh = Contents\Mesh\1.Sphere2.mesh
		Contents\Mesh\1.SphereCollider.mesh = Contents\Mesh\1.SphereCollider.mesh
		Contents\Mesh\1.Transform.mesh = Contents\Mesh\1.Transform.mesh
	EndProjectSection
EndProject
Project("{2150E333-8FDC-42A3-9474-1A3956D46DE8}") = "GameObject", "GameObject", "{BD75B2E3-5302-437E-BCBD-49027208B85F}"
	ProjectSection(SolutionItems) = preProject
		Contents\GameObject\Cam.xml = Contents\GameObject\Cam.xml
		Contents\GameObject\Character.xml = Contents\GameObject\Character.xml
		Contents\GameObject\Character2.xml = Contents\GameObject\Character2.xml
		Contents\GameObject\Grid.xml = Contents\GameObject\Grid.xml
		Contents\GameObject\Sphere.xml = Contents\GameObject\Sphere.xml
		Contents\GameObject\Sun.xml = Contents\GameObject\Sun.xml
	EndProjectSection
EndProject
Global
	GlobalSection(SolutionConfigurationPlatforms) = preSolution
		Debug|x64 = Debug|x64
		Debug|x86 = Debug|x86
		Release|x64 = Release|x64
		Release|x86 = Release|x86
	EndGlobalSection
	GlobalSection(ProjectConfigurationPlatforms) = postSolution
		{C2138BC9-A195-455F-91A6-5FF469EB5E61}.Debug|x64.ActiveCfg = Debug|x64
		{C2138BC9-A195-455F-91A6-5FF469EB5E61}.Debug|x64.Build.0 = Debug|x64
		{C2138BC9-A195-455F-91A6-5FF469EB5E61}.Debug|x86.ActiveCfg = Debug|Win32
		{C2138BC9-A195-455F-91A6-5FF469EB5E61}.Debug|x86.Build.0 = Debug|Win32
		{C2138BC9-A195-455F-91A6-5FF469EB5E61}.Release|x64.ActiveCfg = Release|x64
		{C2138BC9-A195-455F-91A6-5FF469EB5E61}.Release|x64.Build.0 = Release|x64
		{C2138BC9-A195-455F-91A6-5FF469EB5E61}.Release|x86.ActiveCfg = Release|Win32
		{C2138BC9-A195-455F-91A6-5FF469EB5E61}.Release|x86.Build.0 = Release|Win32
		{62755BC4-7433-469B-8413-314F6EC62971}.Debug|x64.ActiveCfg = Debug|x64
		{62755BC4-7433-469B-8413-314F6EC62971}.Debug|x64.Build.0 = Debug|x64
		{62755BC4-7433-469B-8413-314F6EC62971}.Debug|x86.ActiveCfg = Debug|Win32
		{62755BC4-7433-469B-8413-314F6EC62971}.Debug|x86.Build.0 = Debug|Win32
		{62755BC4-7433-469B-8413-314F6EC62971}.Release|x64.ActiveCfg = Release|x64
		{62755BC4-7433-469B-8413-314F6EC62971}.Release|x64.Build.0 = Release|x64
		{62755BC4-7433-469B-8413-314F6EC62971}.Release|x86.ActiveCfg = Release|Win32
		{62755BC4-7433-469B-8413-314F6EC62971}.Release|x86.Build.0 = Release|Win32
		{E4AABC26-46D5-436A-BE00-FF12933156D1}.Debug|x64.ActiveCfg = Debug|x64
		{E4AABC26-46D5-436A-BE00-FF12933156D1}.Debug|x64.Build.0 = Debug|x64
		{E4AABC26-46D5-436A-BE00-FF12933156D1}.Debug|x86.ActiveCfg = Debug|Win32
		{E4AABC26-46D5-436A-BE00-FF12933156D1}.Debug|x86.Build.0 = Debug|Win32
		{E4AABC26-46D5-436A-BE00-FF12933156D1}.Release|x64.ActiveCfg = Release|x64
		{E4AABC26-46D5-436A-BE00-FF12933156D1}.Release|x64.Build.0 = Release|x64
		{E4AABC26-46D5-436A-BE00-FF12933156D1}.Release|x86.ActiveCfg = Release|Win32
		{E4AABC26-46D5-436A-BE00-FF12933156D1}.Release|x86.Build.0 = Release|Win32
	EndGlobalSection
	GlobalSection(SolutionProperties) = preSolution
		HideSolutionNode = FALSE
	EndGlobalSection
	GlobalSection(ExtensibilityGlobals) = postSolution
		SolutionGuid = {9E65A645-0ED0-45FC-8214-114C1DE27774}
	EndGlobalSection
EndGlobal
